
Microsoft Visual Studio Solution File, Format Version 12.00
# Visual Studio Version 16
VisualStudioVersion = 16.0.31424.327
MinimumVisualStudioVersion = 10.0.40219.1
Project("{FAE04EC0-301F-11D3-BF4B-00C04F79EFBC}") = "OxyWeb", "OxyWeb\OxyWeb.csproj", "{98AD99D7-70CE-4FCC-8FDA-E2B6B4955781}"
EndProject
Global
	GlobalSection(SolutionConfigurationPlatforms) = preSolution
		Debug|Any CPU = Debug|Any CPU
		Release|Any CPU = Release|Any CPU
	EndGlobalSection
	GlobalSection(ProjectConfigurationPlatforms) = postSolution
		{98AD99D7-70CE-4FCC-8FDA-E2B6B4955781}.Debug|Any CPU.ActiveCfg = Debug|Any CPU
		{98AD99D7-70CE-4FCC-8FDA-E2B6B4955781}.Debug|Any CPU.Build.0 = Debug|Any CPU
		{98AD99D7-70CE-4FCC-8FDA-E2B6B4955781}.Release|Any CPU.ActiveCfg = Release|Any CPU
		{98AD99D7-70CE-4FCC-8FDA-E2B6B4955781}.Release|Any CPU.Build.0 = Release|Any CPU
	EndGlobalSection
	GlobalSection(SolutionProperties) = preSolution
		HideSolutionNode = FALSE
	EndGlobalSection
	GlobalSection(ExtensibilityGlobals) = postSolution
		SolutionGuid = {281BD710-A961-4E3F-96C7-2ABA1A77AFB7}
	EndGlobalSection
EndGlobal
